{
  "requires": true,
  "lockfileVersion": 1,
  "dependencies": {
    "@wasm-tool/node": {
      "version": "0.1.0",
      "resolved": "https://registry.npmjs.org/@wasm-tool/node/-/node-0.1.0.tgz",
      "integrity": "sha512-pl9oEZjq2miJW+Ytfe+RmVW/Pu43IqFWWzWJfdxoxMkEQ0ysscDZIPYqIdixVIy6omxLn63d2lhqLZXKd01MdQ=="
    }
  }
}
